
Microsoft Visual Studio Solution File, Format Version 12.00
# Visual Studio Version 17
VisualStudioVersion = 17.10.35027.167
MinimumVisualStudioVersion = 10.0.40219.1
Project("{FAE04EC0-301F-11D3-BF4B-00C04F79EFBC}") = "User-Management", "User-Management\User-Management.csproj", "{DA840310-06E3-41C0-B09E-BEF9144F36FB}"
EndProject
Global
	GlobalSection(SolutionConfigurationPlatforms) = preSolution
		Debug|Any CPU = Debug|Any CPU
		Release|Any CPU = Release|Any CPU
	EndGlobalSection
	GlobalSection(ProjectConfigurationPlatforms) = postSolution
		{DA840310-06E3-41C0-B09E-BEF9144F36FB}.Debug|Any CPU.ActiveCfg = Debug|Any CPU
		{DA840310-06E3-41C0-B09E-BEF9144F36FB}.Debug|Any CPU.Build.0 = Debug|Any CPU
		{DA840310-06E3-41C0-B09E-BEF9144F36FB}.Release|Any CPU.ActiveCfg = Release|Any CPU
		{DA840310-06E3-41C0-B09E-BEF9144F36FB}.Release|Any CPU.Build.0 = Release|Any CPU
	EndGlobalSection
	GlobalSection(SolutionProperties) = preSolution
		HideSolutionNode = FALSE
	EndGlobalSection
	GlobalSection(ExtensibilityGlobals) = postSolution
		SolutionGuid = {1C8D4480-CCF3-4790-A904-160D739DA9AB}
	EndGlobalSection
EndGlobal
